// !$*UTF8*$!
{
	archiveVersion = 1;
	classes = {
	};
	objectVersion = 56;
	objects = {

/* Begin PBXBuildFile section */
		B417048029AD9975006AEFB6 /* AppStoragePractice.swift in Sources */ = {isa = PBXBuildFile; fileRef = B417047F29AD9975006AEFB6 /* AppStoragePractice.swift */; };
		B417048229AD9F6A006AEFB6 /* IntroView.swift in Sources */ = {isa = PBXBuildFile; fileRef = B417048129AD9F6A006AEFB6 /* IntroView.swift */; };
		B417048529ADA166006AEFB6 /* OnboardingView.swift in Sources */ = {isa = PBXBuildFile; fileRef = B417048429ADA166006AEFB6 /* OnboardingView.swift */; };
		B417048729ADBB35006AEFB6 /* ProfileView.swift in Sources */ = {isa = PBXBuildFile; fileRef = B417048629ADBB35006AEFB6 /* ProfileView.swift */; };
		B41814C82998CED6007AF3FE /* MainView.swift in Sources */ = {isa = PBXBuildFile; fileRef = B41814C72998CED6007AF3FE /* MainView.swift */; };
		B41D59B229A1D8B800D9BD46 /* StateBootcamp.swift in Sources */ = {isa = PBXBuildFile; fileRef = B41D59B129A1D8B700D9BD46 /* StateBootcamp.swift */; };
		B459698729A5C9CC0087B4C6 /* TernaryBootcamp.swift in Sources */ = {isa = PBXBuildFile; fileRef = B459698629A5C9CC0087B4C6 /* TernaryBootcamp.swift */; };
		B46713D1297FE22B00BE467F /* ContentView.swift in Sources */ = {isa = PBXBuildFile; fileRef = B46713D0297FE22B00BE467F /* ContentView.swift */; };
		B46AC7BB29AB066B0003E9D1 /* PickerView.swift in Sources */ = {isa = PBXBuildFile; fileRef = B46AC7BA29AB066B0003E9D1 /* PickerView.swift */; };
		B46AC7BD29AB10040003E9D1 /* Documentation.swift in Sources */ = {isa = PBXBuildFile; fileRef = B46AC7BC29AB10040003E9D1 /* Documentation.swift */; };
		B46AC7BF29AB1A110003E9D1 /* ViewModelpractice.swift in Sources */ = {isa = PBXBuildFile; fileRef = B46AC7BE29AB1A100003E9D1 /* ViewModelpractice.swift */; };
		B46AC7C129AB31990003E9D1 /* Modelpractice.swift in Sources */ = {isa = PBXBuildFile; fileRef = B46AC7C029AB31990003E9D1 /* Modelpractice.swift */; };
		B488D6C429A3500900E84339 /* BindingBootcamp.swift in Sources */ = {isa = PBXBuildFile; fileRef = B488D6C329A3500900E84339 /* BindingBootcamp.swift */; };
		B488D6C629A352D800E84339 /* ConditionalBootcamp.swift in Sources */ = {isa = PBXBuildFile; fileRef = B488D6C529A352D800E84339 /* ConditionalBootcamp.swift */; };
		B4A2035729742E060029D220 /* pratice1111App.swift in Sources */ = {isa = PBXBuildFile; fileRef = B4A2035629742E060029D220 /* pratice1111App.swift */; };
		B4A2035B29742E070029D220 /* Assets.xcassets in Resources */ = {isa = PBXBuildFile; fileRef = B4A2035A29742E070029D220 /* Assets.xcassets */; };
		B4A2035F29742E070029D220 /* Preview Assets.xcassets in Resources */ = {isa = PBXBuildFile; fileRef = B4A2035E29742E070029D220 /* Preview Assets.xcassets */; };
		B4B164F729A841F900C501AC /* AlertView.swift in Sources */ = {isa = PBXBuildFile; fileRef = B4B164F629A841F900C501AC /* AlertView.swift */; };
		B4B164F929A858A100C501AC /* ActionsheetView.swift in Sources */ = {isa = PBXBuildFile; fileRef = B4B164F829A858A100C501AC /* ActionsheetView.swift */; };
		B4B164FB29A86ED500C501AC /* ContextMenuView.swift in Sources */ = {isa = PBXBuildFile; fileRef = B4B164FA29A86ED500C501AC /* ContextMenuView.swift */; };
		B4B164FE29A8708500C501AC /* TextfieldView.swift in Sources */ = {isa = PBXBuildFile; fileRef = B4B164FD29A8708500C501AC /* TextfieldView.swift */; };
		B4CF904929A9022000714B1E /* TextEditorView.swift in Sources */ = {isa = PBXBuildFile; fileRef = B4CF904829A9022000714B1E /* TextEditorView.swift */; };
		B4CF904B29A904A500714B1E /* ToggleView.swift in Sources */ = {isa = PBXBuildFile; fileRef = B4CF904A29A904A500714B1E /* ToggleView.swift */; };
		B4D11F0029A6F74100B25500 /* Popover.swift in Sources */ = {isa = PBXBuildFile; fileRef = B4D11EFF29A6F74100B25500 /* Popover.swift */; };
		B4D11F0229A70C8A00B25500 /* NavigationView.swift in Sources */ = {isa = PBXBuildFile; fileRef = B4D11F0129A70C8A00B25500 /* NavigationView.swift */; };
		B4D11F0429A72B2C00B25500 /* ListView.swift in Sources */ = {isa = PBXBuildFile; fileRef = B4D11F0329A72B2C00B25500 /* ListView.swift */; };
		B4D651A229A5DD02004060F9 /* AnimationBootcamp.swift in Sources */ = {isa = PBXBuildFile; fileRef = B4D651A129A5DD02004060F9 /* AnimationBootcamp.swift */; };
		B4D651A429A5DFD4004060F9 /* AnimationTimingBootcamp.swift in Sources */ = {isa = PBXBuildFile; fileRef = B4D651A329A5DFD4004060F9 /* AnimationTimingBootcamp.swift */; };
		B4D651A629A5E99D004060F9 /* TransitionBootcamp.swift in Sources */ = {isa = PBXBuildFile; fileRef = B4D651A529A5E99D004060F9 /* TransitionBootcamp.swift */; };
		B4D651A829A5F4F0004060F9 /* Sheets.swift in Sources */ = {isa = PBXBuildFile; fileRef = B4D651A729A5F4F0004060F9 /* Sheets.swift */; };
		B4D8C1F229ACF3CA0008E226 /* IfLetGuardpractice.swift in Sources */ = {isa = PBXBuildFile; fileRef = B4D8C1F129ACF3CA0008E226 /* IfLetGuardpractice.swift */; };
/* End PBXBuildFile section */

/* Begin PBXFileReference section */
		B417047F29AD9975006AEFB6 /* AppStoragePractice.swift */ = {isa = PBXFileReference; lastKnownFileType = sourcecode.swift; path = AppStoragePractice.swift; sourceTree = "<group>"; };
		B417048129AD9F6A006AEFB6 /* IntroView.swift */ = {isa = PBXFileReference; lastKnownFileType = sourcecode.swift; path = IntroView.swift; sourceTree = "<group>"; };
		B417048429ADA166006AEFB6 /* OnboardingView.swift */ = {isa = PBXFileReference; lastKnownFileType = sourcecode.swift; path = OnboardingView.swift; sourceTree = "<group>"; };
		B417048629ADBB35006AEFB6 /* ProfileView.swift */ = {isa = PBXFileReference; lastKnownFileType = sourcecode.swift; path = ProfileView.swift; sourceTree = "<group>"; };
		B41814C72998CED6007AF3FE /* MainView.swift */ = {isa = PBXFileReference; lastKnownFileType = sourcecode.swift; path = MainView.swift; sourceTree = "<group>"; };
		B41D59B129A1D8B700D9BD46 /* StateBootcamp.swift */ = {isa = PBXFileReference; lastKnownFileType = sourcecode.swift; path = StateBootcamp.swift; sourceTree = "<group>"; };
		B459698629A5C9CC0087B4C6 /* TernaryBootcamp.swift */ = {isa = PBXFileReference; lastKnownFileType = sourcecode.swift; path = TernaryBootcamp.swift; sourceTree = "<group>"; };
		B46713D0297FE22B00BE467F /* ContentView.swift */ = {isa = PBXFileReference; lastKnownFileType = sourcecode.swift; path = ContentView.swift; sourceTree = "<group>"; };
		B46AC7BA29AB066B0003E9D1 /* PickerView.swift */ = {isa = PBXFileReference; lastKnownFileType = sourcecode.swift; path = PickerView.swift; sourceTree = "<group>"; };
		B46AC7BC29AB10040003E9D1 /* Documentation.swift */ = {isa = PBXFileReference; lastKnownFileType = sourcecode.swift; path = Documentation.swift; sourceTree = "<group>"; };
		B46AC7BE29AB1A100003E9D1 /* ViewModelpractice.swift */ = {isa = PBXFileReference; lastKnownFileType = sourcecode.swift; path = ViewModelpractice.swift; sourceTree = "<group>"; };
		B46AC7C029AB31990003E9D1 /* Modelpractice.swift */ = {isa = PBXFileReference; lastKnownFileType = sourcecode.swift; path = Modelpractice.swift; sourceTree = "<group>"; };
		B488D6C329A3500900E84339 /* BindingBootcamp.swift */ = {isa = PBXFileReference; lastKnownFileType = sourcecode.swift; path = BindingBootcamp.swift; sourceTree = "<group>"; };
		B488D6C529A352D800E84339 /* ConditionalBootcamp.swift */ = {isa = PBXFileReference; lastKnownFileType = sourcecode.swift; path = ConditionalBootcamp.swift; sourceTree = "<group>"; };
		B4A2035329742E060029D220 /* pratice1111.app */ = {isa = PBXFileReference; explicitFileType = wrapper.application; includeInIndex = 0; path = pratice1111.app; sourceTree = BUILT_PRODUCTS_DIR; };
		B4A2035629742E060029D220 /* pratice1111App.swift */ = {isa = PBXFileReference; lastKnownFileType = sourcecode.swift; path = pratice1111App.swift; sourceTree = "<group>"; };
		B4A2035A29742E070029D220 /* Assets.xcassets */ = {isa = PBXFileReference; lastKnownFileType = folder.assetcatalog; path = Assets.xcassets; sourceTree = "<group>"; };
		B4A2035C29742E070029D220 /* pratice1111.entitlements */ = {isa = PBXFileReference; lastKnownFileType = text.plist.entitlements; path = pratice1111.entitlements; sourceTree = "<group>"; };
		B4A2035E29742E070029D220 /* Preview Assets.xcassets */ = {isa = PBXFileReference; lastKnownFileType = folder.assetcatalog; path = "Preview Assets.xcassets"; sourceTree = "<group>"; };
		B4B164F629A841F900C501AC /* AlertView.swift */ = {isa = PBXFileReference; lastKnownFileType = sourcecode.swift; path = AlertView.swift; sourceTree = "<group>"; };
		B4B164F829A858A100C501AC /* ActionsheetView.swift */ = {isa = PBXFileReference; lastKnownFileType = sourcecode.swift; path = ActionsheetView.swift; sourceTree = "<group>"; };
		B4B164FA29A86ED500C501AC /* ContextMenuView.swift */ = {isa = PBXFileReference; lastKnownFileType = sourcecode.swift; path = ContextMenuView.swift; sourceTree = "<group>"; };
		B4B164FD29A8708500C501AC /* TextfieldView.swift */ = {isa = PBXFileReference; lastKnownFileType = sourcecode.swift; path = TextfieldView.swift; sourceTree = "<group>"; };
		B4CF904829A9022000714B1E /* TextEditorView.swift */ = {isa = PBXFileReference; lastKnownFileType = sourcecode.swift; path = TextEditorView.swift; sourceTree = "<group>"; };
		B4CF904A29A904A500714B1E /* ToggleView.swift */ = {isa = PBXFileReference; lastKnownFileType = sourcecode.swift; path = ToggleView.swift; sourceTree = "<group>"; };
		B4D11EFF29A6F74100B25500 /* Popover.swift */ = {isa = PBXFileReference; lastKnownFileType = sourcecode.swift; path = Popover.swift; sourceTree = "<group>"; };
		B4D11F0129A70C8A00B25500 /* NavigationView.swift */ = {isa = PBXFileReference; lastKnownFileType = sourcecode.swift; path = NavigationView.swift; sourceTree = "<group>"; };
		B4D11F0329A72B2C00B25500 /* ListView.swift */ = {isa = PBXFileReference; lastKnownFileType = sourcecode.swift; path = ListView.swift; sourceTree = "<group>"; };
		B4D651A129A5DD02004060F9 /* AnimationBootcamp.swift */ = {isa = PBXFileReference; lastKnownFileType = sourcecode.swift; path = AnimationBootcamp.swift; sourceTree = "<group>"; };
		B4D651A329A5DFD4004060F9 /* AnimationTimingBootcamp.swift */ = {isa = PBXFileReference; lastKnownFileType = sourcecode.swift; path = AnimationTimingBootcamp.swift; sourceTree = "<group>"; };
		B4D651A529A5E99D004060F9 /* TransitionBootcamp.swift */ = {isa = PBXFileReference; lastKnownFileType = sourcecode.swift; path = TransitionBootcamp.swift; sourceTree = "<group>"; };
		B4D651A729A5F4F0004060F9 /* Sheets.swift */ = {isa = PBXFileReference; lastKnownFileType = sourcecode.swift; path = Sheets.swift; sourceTree = "<group>"; };
		B4D8C1F129ACF3CA0008E226 /* IfLetGuardpractice.swift */ = {isa = PBXFileReference; lastKnownFileType = sourcecode.swift; path = IfLetGuardpractice.swift; sourceTree = "<group>"; };
/* End PBXFileReference section */

/* Begin PBXFrameworksBuildPhase section */
		B4A2035029742E060029D220 /* Frameworks */ = {
			isa = PBXFrameworksBuildPhase;
			buildActionMask = 2147483647;
			files = (
			);
			runOnlyForDeploymentPostprocessing = 0;
		};
/* End PBXFrameworksBuildPhase section */

/* Begin PBXGroup section */
		B417048329ADA151006AEFB6 /* OnboardingViews */ = {
			isa = PBXGroup;
			children = (
				B417048129AD9F6A006AEFB6 /* IntroView.swift */,
				B417048429ADA166006AEFB6 /* OnboardingView.swift */,
				B417048629ADBB35006AEFB6 /* ProfileView.swift */,
			);
			path = OnboardingViews;
			sourceTree = "<group>";
		};
		B41D59B329A1DBFE00D9BD46 /* Bootcamp */ = {
			isa = PBXGroup;
			children = (
				B41D59B129A1D8B700D9BD46 /* StateBootcamp.swift */,
				B488D6C329A3500900E84339 /* BindingBootcamp.swift */,
				B488D6C529A352D800E84339 /* ConditionalBootcamp.swift */,
				B459698629A5C9CC0087B4C6 /* TernaryBootcamp.swift */,
				B4D651A129A5DD02004060F9 /* AnimationBootcamp.swift */,
				B4D651A329A5DFD4004060F9 /* AnimationTimingBootcamp.swift */,
				B4D651A529A5E99D004060F9 /* TransitionBootcamp.swift */,
				B4D651A729A5F4F0004060F9 /* Sheets.swift */,
				B4D11EFF29A6F74100B25500 /* Popover.swift */,
				B4D11F0129A70C8A00B25500 /* NavigationView.swift */,
				B4D11F0329A72B2C00B25500 /* ListView.swift */,
				B4B164F629A841F900C501AC /* AlertView.swift */,
				B4B164F829A858A100C501AC /* ActionsheetView.swift */,
				B4B164FA29A86ED500C501AC /* ContextMenuView.swift */,
				B4B164FD29A8708500C501AC /* TextfieldView.swift */,
				B4CF904829A9022000714B1E /* TextEditorView.swift */,
				B4CF904A29A904A500714B1E /* ToggleView.swift */,
				B46AC7BA29AB066B0003E9D1 /* PickerView.swift */,
				B46AC7BC29AB10040003E9D1 /* Documentation.swift */,
				B46AC7C029AB31990003E9D1 /* Modelpractice.swift */,
				B46AC7BE29AB1A100003E9D1 /* ViewModelpractice.swift */,
				B4D8C1F129ACF3CA0008E226 /* IfLetGuardpractice.swift */,
				B417047F29AD9975006AEFB6 /* AppStoragePractice.swift */,
				B417048329ADA151006AEFB6 /* OnboardingViews */,
			);
			path = Bootcamp;
			sourceTree = "<group>";
		};
		B4A2034A29742E060029D220 = {
			isa = PBXGroup;
			children = (
				B4A2035529742E060029D220 /* pratice1111 */,
				B4A2035429742E060029D220 /* Products */,
			);
			sourceTree = "<group>";
		};
		B4A2035429742E060029D220 /* Products */ = {
			isa = PBXGroup;
			children = (
				B4A2035329742E060029D220 /* pratice1111.app */,
			);
			name = Products;
			sourceTree = "<group>";
		};
		B4A2035529742E060029D220 /* pratice1111 */ = {
			isa = PBXGroup;
			children = (
				B41D59B329A1DBFE00D9BD46 /* Bootcamp */,
				B41814C72998CED6007AF3FE /* MainView.swift */,
				B4A2035629742E060029D220 /* pratice1111App.swift */,
				B46713D0297FE22B00BE467F /* ContentView.swift */,
				B4A2035A29742E070029D220 /* Assets.xcassets */,
				B4A2035C29742E070029D220 /* pratice1111.entitlements */,
				B4A2035D29742E070029D220 /* Preview Content */,
			);
			path = pratice1111;
			sourceTree = "<group>";
		};
		B4A2035D29742E070029D220 /* Preview Content */ = {
			isa = PBXGroup;
			children = (
				B4A2035E29742E070029D220 /* Preview Assets.xcassets */,
			);
			path = "Preview Content";
			sourceTree = "<group>";
		};
/* End PBXGroup section */

/* Begin PBXNativeTarget section */
		B4A2035229742E060029D220 /* pratice1111 */ = {
			isa = PBXNativeTarget;
			buildConfigurationList = B4A2036229742E070029D220 /* Build configuration list for PBXNativeTarget "pratice1111" */;
			buildPhases = (
				B4A2034F29742E060029D220 /* Sources */,
				B4A2035029742E060029D220 /* Frameworks */,
				B4A2035129742E060029D220 /* Resources */,
			);
			buildRules = (
			);
			dependencies = (
			);
			name = pratice1111;
			productName = pratice1111;
			productReference = B4A2035329742E060029D220 /* pratice1111.app */;
			productType = "com.apple.product-type.application";
		};
/* End PBXNativeTarget section */

/* Begin PBXProject section */
		B4A2034B29742E060029D220 /* Project object */ = {
			isa = PBXProject;
			attributes = {
				BuildIndependentTargetsInParallel = 1;
				LastSwiftUpdateCheck = 1420;
				LastUpgradeCheck = 1420;
				TargetAttributes = {
					B4A2035229742E060029D220 = {
						CreatedOnToolsVersion = 14.2;
					};
				};
			};
			buildConfigurationList = B4A2034E29742E060029D220 /* Build configuration list for PBXProject "pratice1111" */;
			compatibilityVersion = "Xcode 14.0";
			developmentRegion = en;
			hasScannedForEncodings = 0;
			knownRegions = (
				en,
				Base,
			);
			mainGroup = B4A2034A29742E060029D220;
			productRefGroup = B4A2035429742E060029D220 /* Products */;
			projectDirPath = "";
			projectRoot = "";
			targets = (
				B4A2035229742E060029D220 /* pratice1111 */,
			);
		};
/* End PBXProject section */

/* Begin PBXResourcesBuildPhase section */
		B4A2035129742E060029D220 /* Resources */ = {
			isa = PBXResourcesBuildPhase;
			buildActionMask = 2147483647;
			files = (
				B4A2035F29742E070029D220 /* Preview Assets.xcassets in Resources */,
				B4A2035B29742E070029D220 /* Assets.xcassets in Resources */,
			);
			runOnlyForDeploymentPostprocessing = 0;
		};
/* End PBXResourcesBuildPhase section */

/* Begin PBXSourcesBuildPhase section */
		B4A2034F29742E060029D220 /* Sources */ = {
			isa = PBXSourcesBuildPhase;
			buildActionMask = 2147483647;
			files = (
				B41D59B229A1D8B800D9BD46 /* StateBootcamp.swift in Sources */,
				B4D651A829A5F4F0004060F9 /* Sheets.swift in Sources */,
				B4B164F929A858A100C501AC /* ActionsheetView.swift in Sources */,
				B46713D1297FE22B00BE467F /* ContentView.swift in Sources */,
				B46AC7BD29AB10040003E9D1 /* Documentation.swift in Sources */,
				B4B164FE29A8708500C501AC /* TextfieldView.swift in Sources */,
				B4D8C1F229ACF3CA0008E226 /* IfLetGuardpractice.swift in Sources */,
				B46AC7BB29AB066B0003E9D1 /* PickerView.swift in Sources */,
				B417048029AD9975006AEFB6 /* AppStoragePractice.swift in Sources */,
				B4B164F729A841F900C501AC /* AlertView.swift in Sources */,
				B459698729A5C9CC0087B4C6 /* TernaryBootcamp.swift in Sources */,
				B417048729ADBB35006AEFB6 /* ProfileView.swift in Sources */,
				B41814C82998CED6007AF3FE /* MainView.swift in Sources */,
				B4CF904B29A904A500714B1E /* ToggleView.swift in Sources */,
				B417048529ADA166006AEFB6 /* OnboardingView.swift in Sources */,
				B4D651A429A5DFD4004060F9 /* AnimationTimingBootcamp.swift in Sources */,
				B488D6C629A352D800E84339 /* ConditionalBootcamp.swift in Sources */,
				B4D11F0029A6F74100B25500 /* Popover.swift in Sources */,
				B488D6C429A3500900E84339 /* BindingBootcamp.swift in Sources */,
				B4B164FB29A86ED500C501AC /* ContextMenuView.swift in Sources */,
				B4D11F0429A72B2C00B25500 /* ListView.swift in Sources */,
				B4D11F0229A70C8A00B25500 /* NavigationView.swift in Sources */,
				B46AC7C129AB31990003E9D1 /* Modelpractice.swift in Sources */,
				B4D651A629A5E99D004060F9 /* TransitionBootcamp.swift in Sources */,
				B4A2035729742E060029D220 /* pratice1111App.swift in Sources */,
				B417048229AD9F6A006AEFB6 /* IntroView.swift in Sources */,
				B4D651A229A5DD02004060F9 /* AnimationBootcamp.swift in Sources */,
				B4CF904929A9022000714B1E /* TextEditorView.swift in Sources */,
				B46AC7BF29AB1A110003E9D1 /* ViewModelpractice.swift in Sources */,
			);
			runOnlyForDeploymentPostprocessing = 0;
		};
/* End PBXSourcesBuildPhase section */

/* Begin XCBuildConfiguration section */
		B4A2036029742E070029D220 /* Debug */ = {
			isa = XCBuildConfiguration;
			buildSettings = {
				ALWAYS_SEARCH_USER_PATHS = NO;
				CLANG_ANALYZER_NONNULL = YES;
				CLANG_ANALYZER_NUMBER_OBJECT_CONVERSION = YES_AGGRESSIVE;
				CLANG_CXX_LANGUAGE_STANDARD = "gnu++20";
				CLANG_ENABLE_MODULES = YES;
				CLANG_ENABLE_OBJC_ARC = YES;
				CLANG_ENABLE_OBJC_WEAK = YES;
				CLANG_WARN_BLOCK_CAPTURE_AUTORELEASING = YES;
				CLANG_WARN_BOOL_CONVERSION = YES;
				CLANG_WARN_COMMA = YES;
				CLANG_WARN_CONSTANT_CONVERSION = YES;
				CLANG_WARN_DEPRECATED_OBJC_IMPLEMENTATIONS = YES;
				CLANG_WARN_DIRECT_OBJC_ISA_USAGE = YES_ERROR;
				CLANG_WARN_DOCUMENTATION_COMMENTS = YES;
				CLANG_WARN_EMPTY_BODY = YES;
				CLANG_WARN_ENUM_CONVERSION = YES;
				CLANG_WARN_INFINITE_RECURSION = YES;
				CLANG_WARN_INT_CONVERSION = YES;
				CLANG_WARN_NON_LITERAL_NULL_CONVERSION = YES;
				CLANG_WARN_OBJC_IMPLICIT_RETAIN_SELF = YES;
				CLANG_WARN_OBJC_LITERAL_CONVERSION = YES;
				CLANG_WARN_OBJC_ROOT_CLASS = YES_ERROR;
				CLANG_WARN_QUOTED_INCLUDE_IN_FRAMEWORK_HEADER = YES;
				CLANG_WARN_RANGE_LOOP_ANALYSIS = YES;
				CLANG_WARN_STRICT_PROTOTYPES = YES;
				CLANG_WARN_SUSPICIOUS_MOVE = YES;
				CLANG_WARN_UNGUARDED_AVAILABILITY = YES_AGGRESSIVE;
				CLANG_WARN_UNREACHABLE_CODE = YES;
				CLANG_WARN__DUPLICATE_METHOD_MATCH = YES;
				COPY_PHASE_STRIP = NO;
				DEBUG_INFORMATION_FORMAT = dwarf;
				ENABLE_STRICT_OBJC_MSGSEND = YES;
				ENABLE_TESTABILITY = YES;
				GCC_C_LANGUAGE_STANDARD = gnu11;
				GCC_DYNAMIC_NO_PIC = NO;
				GCC_NO_COMMON_BLOCKS = YES;
				GCC_OPTIMIZATION_LEVEL = 0;
				GCC_PREPROCESSOR_DEFINITIONS = (
					"DEBUG=1",
					"$(inherited)",
				);
				GCC_WARN_64_TO_32_BIT_CONVERSION = YES;
				GCC_WARN_ABOUT_RETURN_TYPE = YES_ERROR;
				GCC_WARN_UNDECLARED_SELECTOR = YES;
				GCC_WARN_UNINITIALIZED_AUTOS = YES_AGGRESSIVE;
				GCC_WARN_UNUSED_FUNCTION = YES;
				GCC_WARN_UNUSED_VARIABLE = YES;
				MTL_ENABLE_DEBUG_INFO = INCLUDE_SOURCE;
				MTL_FAST_MATH = YES;
				ONLY_ACTIVE_ARCH = YES;
				SWIFT_ACTIVE_COMPILATION_CONDITIONS = DEBUG;
				SWIFT_OPTIMIZATION_LEVEL = "-Onone";
			};
			name = Debug;
		};
		B4A2036129742E070029D220 /* Release */ = {
			isa = XCBuildConfiguration;
			buildSettings = {
				ALWAYS_SEARCH_USER_PATHS = NO;
				CLANG_ANALYZER_NONNULL = YES;
				CLANG_ANALYZER_NUMBER_OBJECT_CONVERSION = YES_AGGRESSIVE;
				CLANG_CXX_LANGUAGE_STANDARD = "gnu++20";
				CLANG_ENABLE_MODULES = YES;
				CLANG_ENABLE_OBJC_ARC = YES;
				CLANG_ENABLE_OBJC_WEAK = YES;
				CLANG_WARN_BLOCK_CAPTURE_AUTORELEASING = YES;
				CLANG_WARN_BOOL_CONVERSION = YES;
				CLANG_WARN_COMMA = YES;
				CLANG_WARN_CONSTANT_CONVERSION = YES;
				CLANG_WARN_DEPRECATED_OBJC_IMPLEMENTATIONS = YES;
				CLANG_WARN_DIRECT_OBJC_ISA_USAGE = YES_ERROR;
				CLANG_WARN_DOCUMENTATION_COMMENTS = YES;
				CLANG_WARN_EMPTY_BODY = YES;
				CLANG_WARN_ENUM_CONVERSION = YES;
				CLANG_WARN_INFINITE_RECURSION = YES;
				CLANG_WARN_INT_CONVERSION = YES;
				CLANG_WARN_NON_LITERAL_NULL_CONVERSION = YES;
				CLANG_WARN_OBJC_IMPLICIT_RETAIN_SELF = YES;
				CLANG_WARN_OBJC_LITERAL_CONVERSION = YES;
				CLANG_WARN_OBJC_ROOT_CLASS = YES_ERROR;
				CLANG_WARN_QUOTED_INCLUDE_IN_FRAMEWORK_HEADER = YES;
				CLANG_WARN_RANGE_LOOP_ANALYSIS = YES;
				CLANG_WARN_STRICT_PROTOTYPES = YES;
				CLANG_WARN_SUSPICIOUS_MOVE = YES;
				CLANG_WARN_UNGUARDED_AVAILABILITY = YES_AGGRESSIVE;
				CLANG_WARN_UNREACHABLE_CODE = YES;
				CLANG_WARN__DUPLICATE_METHOD_MATCH = YES;
				COPY_PHASE_STRIP = NO;
				DEBUG_INFORMATION_FORMAT = "dwarf-with-dsym";
				ENABLE_NS_ASSERTIONS = NO;
				ENABLE_STRICT_OBJC_MSGSEND = YES;
				GCC_C_LANGUAGE_STANDARD = gnu11;
				GCC_NO_COMMON_BLOCKS = YES;
				GCC_WARN_64_TO_32_BIT_CONVERSION = YES;
				GCC_WARN_ABOUT_RETURN_TYPE = YES_ERROR;
				GCC_WARN_UNDECLARED_SELECTOR = YES;
				GCC_WARN_UNINITIALIZED_AUTOS = YES_AGGRESSIVE;
				GCC_WARN_UNUSED_FUNCTION = YES;
				GCC_WARN_UNUSED_VARIABLE = YES;
				MTL_ENABLE_DEBUG_INFO = NO;
				MTL_FAST_MATH = YES;
				SWIFT_COMPILATION_MODE = wholemodule;
				SWIFT_OPTIMIZATION_LEVEL = "-O";
			};
			name = Release;
		};
		B4A2036329742E070029D220 /* Debug */ = {
			isa = XCBuildConfiguration;
			buildSettings = {
				ASSETCATALOG_COMPILER_APPICON_NAME = AppIcon;
				ASSETCATALOG_COMPILER_GLOBAL_ACCENT_COLOR_NAME = AccentColor;
				CODE_SIGN_ENTITLEMENTS = pratice1111/pratice1111.entitlements;
				CODE_SIGN_STYLE = Automatic;
				CURRENT_PROJECT_VERSION = 1;
				DEVELOPMENT_ASSET_PATHS = "\"pratice1111/Preview Content\"";
				DEVELOPMENT_TEAM = JXXZU5QJFC;
				ENABLE_HARDENED_RUNTIME = YES;
				ENABLE_PREVIEWS = YES;
				GENERATE_INFOPLIST_FILE = YES;
				"INFOPLIST_KEY_UIApplicationSceneManifest_Generation[sdk=iphoneos*]" = YES;
				"INFOPLIST_KEY_UIApplicationSceneManifest_Generation[sdk=iphonesimulator*]" = YES;
				"INFOPLIST_KEY_UIApplicationSupportsIndirectInputEvents[sdk=iphoneos*]" = YES;
				"INFOPLIST_KEY_UIApplicationSupportsIndirectInputEvents[sdk=iphonesimulator*]" = YES;
				"INFOPLIST_KEY_UILaunchScreen_Generation[sdk=iphoneos*]" = YES;
				"INFOPLIST_KEY_UILaunchScreen_Generation[sdk=iphonesimulator*]" = YES;
				"INFOPLIST_KEY_UIStatusBarStyle[sdk=iphoneos*]" = UIStatusBarStyleDefault;
				"INFOPLIST_KEY_UIStatusBarStyle[sdk=iphonesimulator*]" = UIStatusBarStyleDefault;
				INFOPLIST_KEY_UISupportedInterfaceOrientations_iPad = "UIInterfaceOrientationPortrait UIInterfaceOrientationPortraitUpsideDown UIInterfaceOrientationLandscapeLeft UIInterfaceOrientationLandscapeRight";
				INFOPLIST_KEY_UISupportedInterfaceOrientations_iPhone = "UIInterfaceOrientationPortrait UIInterfaceOrientationLandscapeLeft UIInterfaceOrientationLandscapeRight";
				IPHONEOS_DEPLOYMENT_TARGET = 16.2;
				LD_RUNPATH_SEARCH_PATHS = "@executable_path/Frameworks";
				"LD_RUNPATH_SEARCH_PATHS[sdk=macosx*]" = "@executable_path/../Frameworks";
				MACOSX_DEPLOYMENT_TARGET = 13.1;
				MARKETING_VERSION = 1.0;
				PRODUCT_BUNDLE_IDENTIFIER = kxx.pratice1111;
				PRODUCT_NAME = "$(TARGET_NAME)";
				SDKROOT = auto;
				SUPPORTED_PLATFORMS = "iphoneos iphonesimulator macosx";
				SWIFT_EMIT_LOC_STRINGS = YES;
				SWIFT_VERSION = 5.0;
				TARGETED_DEVICE_FAMILY = "1,2";
			};
			name = Debug;
		};
		B4A2036429742E070029D220 /* Release */ = {
			isa = XCBuildConfiguration;
			buildSettings = {
				ASSETCATALOG_COMPILER_APPICON_NAME = AppIcon;
				ASSETCATALOG_COMPILER_GLOBAL_ACCENT_COLOR_NAME = AccentColor;
				CODE_SIGN_ENTITLEMENTS = pratice1111/pratice1111.entitlements;
				CODE_SIGN_STYLE = Automatic;
				CURRENT_PROJECT_VERSION = 1;
				DEVELOPMENT_ASSET_PATHS = "\"pratice1111/Preview Content\"";
				DEVELOPMENT_TEAM = JXXZU5QJFC;
				ENABLE_HARDENED_RUNTIME = YES;
				ENABLE_PREVIEWS = YES;
				GENERATE_INFOPLIST_FILE = YES;
				"INFOPLIST_KEY_UIApplicationSceneManifest_Generation[sdk=iphoneos*]" = YES;
				"INFOPLIST_KEY_UIApplicationSceneManifest_Generation[sdk=iphonesimulator*]" = YES;
				"INFOPLIST_KEY_UIApplicationSupportsIndirectInputEvents[sdk=iphoneos*]" = YES;
				"INFOPLIST_KEY_UIApplicationSupportsIndirectInputEvents[sdk=iphonesimulator*]" = YES;
				"INFOPLIST_KEY_UILaunchScreen_Generation[sdk=iphoneos*]" = YES;
				"INFOPLIST_KEY_UILaunchScreen_Generation[sdk=iphonesimulator*]" = YES;
				"INFOPLIST_KEY_UIStatusBarStyle[sdk=iphoneos*]" = UIStatusBarStyleDefault;
				"INFOPLIST_KEY_UIStatusBarStyle[sdk=iphonesimulator*]" = UIStatusBarStyleDefault;
				INFOPLIST_KEY_UISupportedInterfaceOrientations_iPad = "UIInterfaceOrientationPortrait UIInterfaceOrientationPortraitUpsideDown UIInterfaceOrientationLandscapeLeft UIInterfaceOrientationLandscapeRight";
				INFOPLIST_KEY_UISupportedInterfaceOrientations_iPhone = "UIInterfaceOrientationPortrait UIInterfaceOrientationLandscapeLeft UIInterfaceOrientationLandscapeRight";
				IPHONEOS_DEPLOYMENT_TARGET = 16.2;
				LD_RUNPATH_SEARCH_PATHS = "@executable_path/Frameworks";
				"LD_RUNPATH_SEARCH_PATHS[sdk=macosx*]" = "@executable_path/../Frameworks";
				MACOSX_DEPLOYMENT_TARGET = 13.1;
				MARKETING_VERSION = 1.0;
				PRODUCT_BUNDLE_IDENTIFIER = kxx.pratice1111;
				PRODUCT_NAME = "$(TARGET_NAME)";
				SDKROOT = auto;
				SUPPORTED_PLATFORMS = "iphoneos iphonesimulator macosx";
				SWIFT_EMIT_LOC_STRINGS = YES;
				SWIFT_VERSION = 5.0;
				TARGETED_DEVICE_FAMILY = "1,2";
			};
			name = Release;
		};
/* End XCBuildConfiguration section */

/* Begin XCConfigurationList section */
		B4A2034E29742E060029D220 /* Build configuration list for PBXProject "pratice1111" */ = {
			isa = XCConfigurationList;
			buildConfigurations = (
				B4A2036029742E070029D220 /* Debug */,
				B4A2036129742E070029D220 /* Release */,
			);
			defaultConfigurationIsVisible = 0;
			defaultConfigurationName = Release;
		};
		B4A2036229742E070029D220 /* Build configuration list for PBXNativeTarget "pratice1111" */ = {
			isa = XCConfigurationList;
			buildConfigurations = (
				B4A2036329742E070029D220 /* Debug */,
				B4A2036429742E070029D220 /* Release */,
			);
			defaultConfigurationIsVisible = 0;
			defaultConfigurationName = Release;
		};
/* End XCConfigurationList section */
	};
	rootObject = B4A2034B29742E060029D220 /* Project object */;
}
